
Microsoft Visual Studio Solution File, Format Version 12.00
# Visual Studio Version 17
VisualStudioVersion = 17.0.31919.166
MinimumVisualStudioVersion = 10.0.40219.1
Project("{FAE04EC0-301F-11D3-BF4B-00C04F79EFBC}") = "WPFLR4", "WPFLR4.csproj", "{D4866F3E-C1DB-4899-9E30-59D1029CFF58}"
EndProject
Global
	GlobalSection(SolutionConfigurationPlatforms) = preSolution
		Debug|Any CPU = Debug|Any CPU
		Release|Any CPU = Release|Any CPU
	EndGlobalSection
	GlobalSection(ProjectConfigurationPlatforms) = postSolution
		{D4866F3E-C1DB-4899-9E30-59D1029CFF58}.Debug|Any CPU.ActiveCfg = Debug|Any CPU
		{D4866F3E-C1DB-4899-9E30-59D1029CFF58}.Debug|Any CPU.Build.0 = Debug|Any CPU
		{D4866F3E-C1DB-4899-9E30-59D1029CFF58}.Release|Any CPU.ActiveCfg = Release|Any CPU
		{D4866F3E-C1DB-4899-9E30-59D1029CFF58}.Release|Any CPU.Build.0 = Release|Any CPU
	EndGlobalSection
	GlobalSection(SolutionProperties) = preSolution
		HideSolutionNode = FALSE
	EndGlobalSection
	GlobalSection(ExtensibilityGlobals) = postSolution
		SolutionGuid = {5DF3BF60-FBD7-4572-8899-7BA5E0CA45A3}
	EndGlobalSection
EndGlobal
